{
    "_readme": [
        "This file locks the dependencies of your project to a known state",
        "Read more about it at https://getcomposer.org/doc/01-basic-usage.md#installing-dependencies",
        "This file is @generated automatically"
    ],
    "content-hash": "6d2a8735ef0ef617580ca7108716937c",
    "packages": [
        {
            "name": "bramus/router",
            "version": "1.5",
            "source": {
                "type": "git",
                "url": "https://github.com/bramus/router.git",
                "reference": "6adc0182dc6b0ebc22fd10543f65a36de10d8c05"
            },
            "dist": {
                "type": "zip",
                "url": "https://api.github.com/repos/bramus/router/zipball/6adc0182dc6b0ebc22fd10543f65a36de10d8c05",
                "reference": "6adc0182dc6b0ebc22fd10543f65a36de10d8c05",
                "shasum": ""
            },
            "require": {
                "php": ">=5.3.0"
            },
            "require-dev": {
                "friendsofphp/php-cs-fixer": "~2.14",
                "phpunit/php-code-coverage": "~2.0",
                "phpunit/phpunit": "~4.0"
            },
            "type": "library",
            "autoload": {
                "psr-0": {
                    "Bramus": "src/"
                }
            },
            "notification-url": "https://packagist.org/downloads/",
            "license": [
                "MIT"
            ],
            "authors": [
                {
                    "name": "Bram(us) Van Damme",
                    "email": "bramus@bram.us",
                    "homepage": "http://www.bram.us"
                }
            ],
            "description": "A lightweight and simple object oriented PHP Router",
            "homepage": "https://github.com/bramus/router",
            "keywords": [
                "router",
                "routing"
            ],
            "support": {
                "issues": "https://github.com/bramus/router/issues",
                "source": "https://github.com/bramus/router/tree/1.5"
            },
            "time": "2020-10-26T09:50:48+00:00"
        },
        {
            "name": "league/plates",
            "version": "v3.4.0",
            "source": {
                "type": "git",
                "url": "https://github.com/thephpleague/plates.git",
                "reference": "6d3ee31199b536a4e003b34a356ca20f6f75496a"
            },
            "dist": {
                "type": "zip",
                "url": "https://api.github.com/repos/thephpleague/plates/zipball/6d3ee31199b536a4e003b34a356ca20f6f75496a",
                "reference": "6d3ee31199b536a4e003b34a356ca20f6f75496a",
                "shasum": ""
            },
            "require": {
                "php": "^7.0|^8.0"
            },
            "require-dev": {
                "mikey179/vfsstream": "^1.6",
                "phpunit/phpunit": "^9.5",
                "squizlabs/php_codesniffer": "^3.5"
            },
            "type": "library",
            "extra": {
                "branch-alias": {
                    "dev-master": "3.0-dev"
                }
            },
            "autoload": {
                "psr-4": {
                    "League\\Plates\\": "src"
                }
            },
            "notification-url": "https://packagist.org/downloads/",
            "license": [
                "MIT"
            ],
            "authors": [
                {
                    "name": "Jonathan Reinink",
                    "email": "jonathan@reinink.ca",
                    "role": "Developer"
                },
                {
                    "name": "RJ Garcia",
                    "email": "ragboyjr@icloud.com",
                    "role": "Developer"
                }
            ],
            "description": "Plates, the native PHP template system that's fast, easy to use and easy to extend.",
            "homepage": "https://platesphp.com",
            "keywords": [
                "league",
                "package",
                "templates",
                "templating",
                "views"
            ],
            "support": {
                "issues": "https://github.com/thephpleague/plates/issues",
                "source": "https://github.com/thephpleague/plates/tree/v3.4.0"
            },
            "time": "2020-12-25T05:00:37+00:00"
        }
    ],
    "packages-dev": [],
    "aliases": [],
    "minimum-stability": "stable",
    "stability-flags": [],
    "prefer-stable": false,
    "prefer-lowest": false,
    "platform": [],
    "platform-dev": [],
    "plugin-api-version": "2.0.0"
}
